
Microsoft Visual Studio Solution File, Format Version 12.00
# Visual Studio Version 17
VisualStudioVersion = 17.2.32516.85
MinimumVisualStudioVersion = 10.0.40219.1
Project("{FAE04EC0-301F-11D3-BF4B-00C04F79EFBC}") = "Ejercicio4_Matrices", "Ejercicio4_Matrices.csproj", "{D244A1FC-E9C8-4470-937E-1EC16698459C}"
EndProject
Global
	GlobalSection(SolutionConfigurationPlatforms) = preSolution
		Debug|Any CPU = Debug|Any CPU
		Release|Any CPU = Release|Any CPU
	EndGlobalSection
	GlobalSection(ProjectConfigurationPlatforms) = postSolution
		{D244A1FC-E9C8-4470-937E-1EC16698459C}.Debug|Any CPU.ActiveCfg = Debug|Any CPU
		{D244A1FC-E9C8-4470-937E-1EC16698459C}.Debug|Any CPU.Build.0 = Debug|Any CPU
		{D244A1FC-E9C8-4470-937E-1EC16698459C}.Release|Any CPU.ActiveCfg = Release|Any CPU
		{D244A1FC-E9C8-4470-937E-1EC16698459C}.Release|Any CPU.Build.0 = Release|Any CPU
	EndGlobalSection
	GlobalSection(SolutionProperties) = preSolution
		HideSolutionNode = FALSE
	EndGlobalSection
	GlobalSection(ExtensibilityGlobals) = postSolution
		SolutionGuid = {FA4F6FB3-09FA-470F-90EF-2BBF207BC649}
	EndGlobalSection
EndGlobal
