
Microsoft Visual Studio Solution File, Format Version 12.00
# Visual Studio Version 17
VisualStudioVersion = 17.2.32516.85
MinimumVisualStudioVersion = 10.0.40219.1
Project("{FAE04EC0-301F-11D3-BF4B-00C04F79EFBC}") = "Ejercicio5_Arrays2", "Ejercicio5_Arrays2.csproj", "{DCB5D5DE-A2E5-4809-BF6E-A941F90E056A}"
EndProject
Global
	GlobalSection(SolutionConfigurationPlatforms) = preSolution
		Debug|Any CPU = Debug|Any CPU
		Release|Any CPU = Release|Any CPU
	EndGlobalSection
	GlobalSection(ProjectConfigurationPlatforms) = postSolution
		{DCB5D5DE-A2E5-4809-BF6E-A941F90E056A}.Debug|Any CPU.ActiveCfg = Debug|Any CPU
		{DCB5D5DE-A2E5-4809-BF6E-A941F90E056A}.Debug|Any CPU.Build.0 = Debug|Any CPU
		{DCB5D5DE-A2E5-4809-BF6E-A941F90E056A}.Release|Any CPU.ActiveCfg = Release|Any CPU
		{DCB5D5DE-A2E5-4809-BF6E-A941F90E056A}.Release|Any CPU.Build.0 = Release|Any CPU
	EndGlobalSection
	GlobalSection(SolutionProperties) = preSolution
		HideSolutionNode = FALSE
	EndGlobalSection
	GlobalSection(ExtensibilityGlobals) = postSolution
		SolutionGuid = {B846068F-F159-4537-84D2-3E588E49E9B3}
	EndGlobalSection
EndGlobal
